// !$*UTF8*$!
{
	archiveVersion = 1;
	classes = {
	};
	objectVersion = 46;
	objects = {

/* Begin PBXBuildFile section */
		09CD64F3DF39913E59F13CE0 /* libPods.a in Frameworks */ = {isa = PBXBuildFile; fileRef = 1D6E335463D4AAFE7C5CAA8A /* libPods.a */; };
		5F1F78E01AFC806700C9E7EE /* UserManager.swift in Sources */ = {isa = PBXBuildFile; fileRef = 5F1F78DF1AFC806700C9E7EE /* UserManager.swift */; };
		5F260B991AF9C14F008AA34E /* OtherViewController.swift in Sources */ = {isa = PBXBuildFile; fileRef = 5F260B971AF9C14F008AA34E /* OtherViewController.swift */; };
		5F260B9A1AF9C14F008AA34E /* OtherViewController.xib in Resources */ = {isa = PBXBuildFile; fileRef = 5F260B981AF9C14F008AA34E /* OtherViewController.xib */; };
		5F260B9D1AF9C1E5008AA34E /* CalendarViewController.swift in Sources */ = {isa = PBXBuildFile; fileRef = 5F260B9B1AF9C1E5008AA34E /* CalendarViewController.swift */; };
		5F260B9E1AF9C1E5008AA34E /* CalendarViewController.xib in Resources */ = {isa = PBXBuildFile; fileRef = 5F260B9C1AF9C1E5008AA34E /* CalendarViewController.xib */; };
		5F260BA11AF9C1F0008AA34E /* ChatViewController.swift in Sources */ = {isa = PBXBuildFile; fileRef = 5F260B9F1AF9C1F0008AA34E /* ChatViewController.swift */; };
		5F260BA21AF9C1F0008AA34E /* ChatViewController.xib in Resources */ = {isa = PBXBuildFile; fileRef = 5F260BA01AF9C1F0008AA34E /* ChatViewController.xib */; };
		5F260BA71AFAF3F3008AA34E /* DataManager.swift in Sources */ = {isa = PBXBuildFile; fileRef = 5F260BA61AFAF3F3008AA34E /* DataManager.swift */; };
		5F260BA91AFB001E008AA34E /* User.swift in Sources */ = {isa = PBXBuildFile; fileRef = 5F260BA81AFB001E008AA34E /* User.swift */; };
		5F260BAB1AFB0783008AA34E /* OrderModel.swift in Sources */ = {isa = PBXBuildFile; fileRef = 5F260BAA1AFB0783008AA34E /* OrderModel.swift */; };
		5F260BAD1AFB0DC0008AA34E /* GoodsModel.swift in Sources */ = {isa = PBXBuildFile; fileRef = 5F260BAC1AFB0DC0008AA34E /* GoodsModel.swift */; };
		5FE008BB1AF1C4D3009076A7 /* AppDelegate.swift in Sources */ = {isa = PBXBuildFile; fileRef = 5FE008BA1AF1C4D3009076A7 /* AppDelegate.swift */; };
		5FE008BE1AF1C4D3009076A7 /* LifeIsland.xcdatamodeld in Sources */ = {isa = PBXBuildFile; fileRef = 5FE008BC1AF1C4D3009076A7 /* LifeIsland.xcdatamodeld */; };
		5FE008C01AF1C4D3009076A7 /* ViewController.swift in Sources */ = {isa = PBXBuildFile; fileRef = 5FE008BF1AF1C4D3009076A7 /* ViewController.swift */; };
		5FE008C31AF1C4D3009076A7 /* Main.storyboard in Resources */ = {isa = PBXBuildFile; fileRef = 5FE008C11AF1C4D3009076A7 /* Main.storyboard */; };
		5FE008C51AF1C4D3009076A7 /* Images.xcassets in Resources */ = {isa = PBXBuildFile; fileRef = 5FE008C41AF1C4D3009076A7 /* Images.xcassets */; };
		5FE008C81AF1C4D3009076A7 /* LaunchScreen.xib in Resources */ = {isa = PBXBuildFile; fileRef = 5FE008C61AF1C4D3009076A7 /* LaunchScreen.xib */; };
		5FE008D41AF1C4D3009076A7 /* LifeIslandTests.swift in Sources */ = {isa = PBXBuildFile; fileRef = 5FE008D31AF1C4D3009076A7 /* LifeIslandTests.swift */; };
/* End PBXBuildFile section */

/* Begin PBXContainerItemProxy section */
		5FE008CE1AF1C4D3009076A7 /* PBXContainerItemProxy */ = {
			isa = PBXContainerItemProxy;
			containerPortal = 5FE008AD1AF1C4D2009076A7 /* Project object */;
			proxyType = 1;
			remoteGlobalIDString = 5FE008B41AF1C4D2009076A7;
			remoteInfo = LifeIsland;
		};
/* End PBXContainerItemProxy section */

/* Begin PBXFileReference section */
		1D6E335463D4AAFE7C5CAA8A /* libPods.a */ = {isa = PBXFileReference; explicitFileType = archive.ar; includeInIndex = 0; path = libPods.a; sourceTree = BUILT_PRODUCTS_DIR; };
		5F1F78DE1AFB9C0700C9E7EE /* until.h */ = {isa = PBXFileReference; lastKnownFileType = sourcecode.c.h; path = until.h; sourceTree = "<group>"; };
		5F1F78DF1AFC806700C9E7EE /* UserManager.swift */ = {isa = PBXFileReference; fileEncoding = 4; lastKnownFileType = sourcecode.swift; path = UserManager.swift; sourceTree = "<group>"; };
		5F260B971AF9C14F008AA34E /* OtherViewController.swift */ = {isa = PBXFileReference; fileEncoding = 4; lastKnownFileType = sourcecode.swift; path = OtherViewController.swift; sourceTree = "<group>"; };
		5F260B981AF9C14F008AA34E /* OtherViewController.xib */ = {isa = PBXFileReference; fileEncoding = 4; lastKnownFileType = file.xib; path = OtherViewController.xib; sourceTree = "<group>"; };
		5F260B9B1AF9C1E5008AA34E /* CalendarViewController.swift */ = {isa = PBXFileReference; fileEncoding = 4; lastKnownFileType = sourcecode.swift; path = CalendarViewController.swift; sourceTree = "<group>"; };
		5F260B9C1AF9C1E5008AA34E /* CalendarViewController.xib */ = {isa = PBXFileReference; fileEncoding = 4; lastKnownFileType = file.xib; path = CalendarViewController.xib; sourceTree = "<group>"; };
		5F260B9F1AF9C1F0008AA34E /* ChatViewController.swift */ = {isa = PBXFileReference; fileEncoding = 4; lastKnownFileType = sourcecode.swift; path = ChatViewController.swift; sourceTree = "<group>"; };
		5F260BA01AF9C1F0008AA34E /* ChatViewController.xib */ = {isa = PBXFileReference; fileEncoding = 4; lastKnownFileType = file.xib; path = ChatViewController.xib; sourceTree = "<group>"; };
		5F260BA61AFAF3F3008AA34E /* DataManager.swift */ = {isa = PBXFileReference; fileEncoding = 4; lastKnownFileType = sourcecode.swift; path = DataManager.swift; sourceTree = "<group>"; };
		5F260BA81AFB001E008AA34E /* User.swift */ = {isa = PBXFileReference; fileEncoding = 4; lastKnownFileType = sourcecode.swift; path = User.swift; sourceTree = "<group>"; };
		5F260BAA1AFB0783008AA34E /* OrderModel.swift */ = {isa = PBXFileReference; fileEncoding = 4; lastKnownFileType = sourcecode.swift; path = OrderModel.swift; sourceTree = "<group>"; };
		5F260BAC1AFB0DC0008AA34E /* GoodsModel.swift */ = {isa = PBXFileReference; fileEncoding = 4; lastKnownFileType = sourcecode.swift; path = GoodsModel.swift; sourceTree = "<group>"; };
		5F260BAE1AFB19EB008AA34E /* LifeIsland-Bridging-Header.h */ = {isa = PBXFileReference; lastKnownFileType = sourcecode.c.h; path = "LifeIsland-Bridging-Header.h"; sourceTree = "<group>"; };
		5FE008B51AF1C4D3009076A7 /* LifeIsland.app */ = {isa = PBXFileReference; explicitFileType = wrapper.application; includeInIndex = 0; path = LifeIsland.app; sourceTree = BUILT_PRODUCTS_DIR; };
		5FE008B91AF1C4D3009076A7 /* Info.plist */ = {isa = PBXFileReference; lastKnownFileType = text.plist.xml; path = Info.plist; sourceTree = "<group>"; };
		5FE008BA1AF1C4D3009076A7 /* AppDelegate.swift */ = {isa = PBXFileReference; lastKnownFileType = sourcecode.swift; path = AppDelegate.swift; sourceTree = "<group>"; };
		5FE008BD1AF1C4D3009076A7 /* LifeIsland.xcdatamodel */ = {isa = PBXFileReference; lastKnownFileType = wrapper.xcdatamodel; path = LifeIsland.xcdatamodel; sourceTree = "<group>"; };
		5FE008BF1AF1C4D3009076A7 /* ViewController.swift */ = {isa = PBXFileReference; lastKnownFileType = sourcecode.swift; path = ViewController.swift; sourceTree = "<group>"; };
		5FE008C21AF1C4D3009076A7 /* Base */ = {isa = PBXFileReference; lastKnownFileType = file.storyboard; name = Base; path = Base.lproj/Main.storyboard; sourceTree = "<group>"; };
		5FE008C41AF1C4D3009076A7 /* Images.xcassets */ = {isa = PBXFileReference; lastKnownFileType = folder.assetcatalog; path = Images.xcassets; sourceTree = "<group>"; };
		5FE008C71AF1C4D3009076A7 /* Base */ = {isa = PBXFileReference; lastKnownFileType = file.xib; name = Base; path = Base.lproj/LaunchScreen.xib; sourceTree = "<group>"; };
		5FE008CD1AF1C4D3009076A7 /* LifeIslandTests.xctest */ = {isa = PBXFileReference; explicitFileType = wrapper.cfbundle; includeInIndex = 0; path = LifeIslandTests.xctest; sourceTree = BUILT_PRODUCTS_DIR; };
		5FE008D21AF1C4D3009076A7 /* Info.plist */ = {isa = PBXFileReference; lastKnownFileType = text.plist.xml; path = Info.plist; sourceTree = "<group>"; };
		5FE008D31AF1C4D3009076A7 /* LifeIslandTests.swift */ = {isa = PBXFileReference; lastKnownFileType = sourcecode.swift; path = LifeIslandTests.swift; sourceTree = "<group>"; };
		67CE440676753C740646B78F /* Pods.debug.xcconfig */ = {isa = PBXFileReference; includeInIndex = 1; lastKnownFileType = text.xcconfig; name = Pods.debug.xcconfig; path = "Pods/Target Support Files/Pods/Pods.debug.xcconfig"; sourceTree = "<group>"; };
		D8CE0E30BB301C46D0B36C93 /* Pods.release.xcconfig */ = {isa = PBXFileReference; includeInIndex = 1; lastKnownFileType = text.xcconfig; name = Pods.release.xcconfig; path = "Pods/Target Support Files/Pods/Pods.release.xcconfig"; sourceTree = "<group>"; };
/* End PBXFileReference section */

/* Begin PBXFrameworksBuildPhase section */
		5FE008B21AF1C4D2009076A7 /* Frameworks */ = {
			isa = PBXFrameworksBuildPhase;
			buildActionMask = 2147483647;
			files = (
				09CD64F3DF39913E59F13CE0 /* libPods.a in Frameworks */,
			);
			runOnlyForDeploymentPostprocessing = 0;
		};
		5FE008CA1AF1C4D3009076A7 /* Frameworks */ = {
			isa = PBXFrameworksBuildPhase;
			buildActionMask = 2147483647;
			files = (
			);
			runOnlyForDeploymentPostprocessing = 0;
		};
/* End PBXFrameworksBuildPhase section */

/* Begin PBXGroup section */
		46CDA57136BCA54A265D47D1 /* Pods */ = {
			isa = PBXGroup;
			children = (
				67CE440676753C740646B78F /* Pods.debug.xcconfig */,
				D8CE0E30BB301C46D0B36C93 /* Pods.release.xcconfig */,
			);
			name = Pods;
			sourceTree = "<group>";
		};
		5F260B941AF9C0C4008AA34E /* Chat */ = {
			isa = PBXGroup;
			children = (
				5F260B9F1AF9C1F0008AA34E /* ChatViewController.swift */,
				5F260BA01AF9C1F0008AA34E /* ChatViewController.xib */,
			);
			path = Chat;
			sourceTree = "<group>";
		};
		5F260B951AF9C0D3008AA34E /* Other */ = {
			isa = PBXGroup;
			children = (
				5F260B971AF9C14F008AA34E /* OtherViewController.swift */,
				5F260B981AF9C14F008AA34E /* OtherViewController.xib */,
			);
			path = Other;
			sourceTree = "<group>";
		};
		5F260B961AF9C112008AA34E /* Calendar */ = {
			isa = PBXGroup;
			children = (
				5F260B9B1AF9C1E5008AA34E /* CalendarViewController.swift */,
				5F260B9C1AF9C1E5008AA34E /* CalendarViewController.xib */,
			);
			path = Calendar;
			sourceTree = "<group>";
		};
		5F260BA51AFAF3E9008AA34E /* Data */ = {
			isa = PBXGroup;
			children = (
				5F260BA61AFAF3F3008AA34E /* DataManager.swift */,
				5F260BA81AFB001E008AA34E /* User.swift */,
				5F260BAA1AFB0783008AA34E /* OrderModel.swift */,
				5F260BAC1AFB0DC0008AA34E /* GoodsModel.swift */,
				5F1F78DE1AFB9C0700C9E7EE /* until.h */,
				5F1F78DF1AFC806700C9E7EE /* UserManager.swift */,
			);
			path = Data;
			sourceTree = "<group>";
		};
		5FE008AC1AF1C4D2009076A7 = {
			isa = PBXGroup;
			children = (
				5FE008B71AF1C4D3009076A7 /* LifeIsland */,
				5FE008D01AF1C4D3009076A7 /* LifeIslandTests */,
				5FE008B61AF1C4D3009076A7 /* Products */,
				46CDA57136BCA54A265D47D1 /* Pods */,
				87329B3032C34A2873B30C9C /* Frameworks */,
			);
			sourceTree = "<group>";
		};
		5FE008B61AF1C4D3009076A7 /* Products */ = {
			isa = PBXGroup;
			children = (
				5FE008B51AF1C4D3009076A7 /* LifeIsland.app */,
				5FE008CD1AF1C4D3009076A7 /* LifeIslandTests.xctest */,
			);
			name = Products;
			sourceTree = "<group>";
		};
		5FE008B71AF1C4D3009076A7 /* LifeIsland */ = {
			isa = PBXGroup;
			children = (
				5F260BA51AFAF3E9008AA34E /* Data */,
				5F260B961AF9C112008AA34E /* Calendar */,
				5F260B951AF9C0D3008AA34E /* Other */,
				5F260B941AF9C0C4008AA34E /* Chat */,
				5FE008BA1AF1C4D3009076A7 /* AppDelegate.swift */,
				5FE008BF1AF1C4D3009076A7 /* ViewController.swift */,
				5FE008C11AF1C4D3009076A7 /* Main.storyboard */,
				5FE008C41AF1C4D3009076A7 /* Images.xcassets */,
				5FE008C61AF1C4D3009076A7 /* LaunchScreen.xib */,
				5FE008BC1AF1C4D3009076A7 /* LifeIsland.xcdatamodeld */,
				5FE008B81AF1C4D3009076A7 /* Supporting Files */,
				5F260BAE1AFB19EB008AA34E /* LifeIsland-Bridging-Header.h */,
			);
			path = LifeIsland;
			sourceTree = "<group>";
		};
		5FE008B81AF1C4D3009076A7 /* Supporting Files */ = {
			isa = PBXGroup;
			children = (
				5FE008B91AF1C4D3009076A7 /* Info.plist */,
			);
			name = "Supporting Files";
			sourceTree = "<group>";
		};
		5FE008D01AF1C4D3009076A7 /* LifeIslandTests */ = {
			isa = PBXGroup;
			children = (
				5FE008D31AF1C4D3009076A7 /* LifeIslandTests.swift */,
				5FE008D11AF1C4D3009076A7 /* Supporting Files */,
			);
			path = LifeIslandTests;
			sourceTree = "<group>";
		};
		5FE008D11AF1C4D3009076A7 /* Supporting Files */ = {
			isa = PBXGroup;
			children = (
				5FE008D21AF1C4D3009076A7 /* Info.plist */,
			);
			name = "Supporting Files";
			sourceTree = "<group>";
		};
		87329B3032C34A2873B30C9C /* Frameworks */ = {
			isa = PBXGroup;
			children = (
				1D6E335463D4AAFE7C5CAA8A /* libPods.a */,
			);
			name = Frameworks;
			sourceTree = "<group>";
		};
/* End PBXGroup section */

/* Begin PBXNativeTarget section */
		5FE008B41AF1C4D2009076A7 /* LifeIsland */ = {
			isa = PBXNativeTarget;
			buildConfigurationList = 5FE008D71AF1C4D3009076A7 /* Build configuration list for PBXNativeTarget "LifeIsland" */;
			buildPhases = (
				F6B73D13FDE026D78A66B8DC /* Check Pods Manifest.lock */,
				5FE008B11AF1C4D2009076A7 /* Sources */,
				5FE008B21AF1C4D2009076A7 /* Frameworks */,
				5FE008B31AF1C4D2009076A7 /* Resources */,
				70B796FA446354FD4010985B /* Copy Pods Resources */,
			);
			buildRules = (
			);
			dependencies = (
			);
			name = LifeIsland;
			productName = LifeIsland;
			productReference = 5FE008B51AF1C4D3009076A7 /* LifeIsland.app */;
			productType = "com.apple.product-type.application";
		};
		5FE008CC1AF1C4D3009076A7 /* LifeIslandTests */ = {
			isa = PBXNativeTarget;
			buildConfigurationList = 5FE008DA1AF1C4D3009076A7 /* Build configuration list for PBXNativeTarget "LifeIslandTests" */;
			buildPhases = (
				5FE008C91AF1C4D3009076A7 /* Sources */,
				5FE008CA1AF1C4D3009076A7 /* Frameworks */,
				5FE008CB1AF1C4D3009076A7 /* Resources */,
			);
			buildRules = (
			);
			dependencies = (
				5FE008CF1AF1C4D3009076A7 /* PBXTargetDependency */,
			);
			name = LifeIslandTests;
			productName = LifeIslandTests;
			productReference = 5FE008CD1AF1C4D3009076A7 /* LifeIslandTests.xctest */;
			productType = "com.apple.product-type.bundle.unit-test";
		};
/* End PBXNativeTarget section */

/* Begin PBXProject section */
		5FE008AD1AF1C4D2009076A7 /* Project object */ = {
			isa = PBXProject;
			attributes = {
				LastUpgradeCheck = 0630;
				ORGANIZATIONNAME = "张世杰";
				TargetAttributes = {
					5FE008B41AF1C4D2009076A7 = {
						CreatedOnToolsVersion = 6.3;
					};
					5FE008CC1AF1C4D3009076A7 = {
						CreatedOnToolsVersion = 6.3;
						TestTargetID = 5FE008B41AF1C4D2009076A7;
					};
				};
			};
			buildConfigurationList = 5FE008B01AF1C4D2009076A7 /* Build configuration list for PBXProject "LifeIsland" */;
			compatibilityVersion = "Xcode 3.2";
			developmentRegion = English;
			hasScannedForEncodings = 0;
			knownRegions = (
				en,
				Base,
			);
			mainGroup = 5FE008AC1AF1C4D2009076A7;
			productRefGroup = 5FE008B61AF1C4D3009076A7 /* Products */;
			projectDirPath = "";
			projectRoot = "";
			targets = (
				5FE008B41AF1C4D2009076A7 /* LifeIsland */,
				5FE008CC1AF1C4D3009076A7 /* LifeIslandTests */,
			);
		};
/* End PBXProject section */

/* Begin PBXResourcesBuildPhase section */
		5FE008B31AF1C4D2009076A7 /* Resources */ = {
			isa = PBXResourcesBuildPhase;
			buildActionMask = 2147483647;
			files = (
				5FE008C31AF1C4D3009076A7 /* Main.storyboard in Resources */,
				5F260B9E1AF9C1E5008AA34E /* CalendarViewController.xib in Resources */,
				5F260BA21AF9C1F0008AA34E /* ChatViewController.xib in Resources */,
				5F260B9A1AF9C14F008AA34E /* OtherViewController.xib in Resources */,
				5FE008C81AF1C4D3009076A7 /* LaunchScreen.xib in Resources */,
				5FE008C51AF1C4D3009076A7 /* Images.xcassets in Resources */,
			);
			runOnlyForDeploymentPostprocessing = 0;
		};
		5FE008CB1AF1C4D3009076A7 /* Resources */ = {
			isa = PBXResourcesBuildPhase;
			buildActionMask = 2147483647;
			files = (
			);
			runOnlyForDeploymentPostprocessing = 0;
		};
/* End PBXResourcesBuildPhase section */

/* Begin PBXShellScriptBuildPhase section */
		70B796FA446354FD4010985B /* Copy Pods Resources */ = {
			isa = PBXShellScriptBuildPhase;
			buildActionMask = 2147483647;
			files = (
			);
			inputPaths = (
			);
			name = "Copy Pods Resources";
			outputPaths = (
			);
			runOnlyForDeploymentPostprocessing = 0;
			shellPath = /bin/sh;
			shellScript = "\"${SRCROOT}/Pods/Target Support Files/Pods/Pods-resources.sh\"\n";
			showEnvVarsInLog = 0;
		};
		F6B73D13FDE026D78A66B8DC /* Check Pods Manifest.lock */ = {
			isa = PBXShellScriptBuildPhase;
			buildActionMask = 2147483647;
			files = (
			);
			inputPaths = (
			);
			name = "Check Pods Manifest.lock";
			outputPaths = (
			);
			runOnlyForDeploymentPostprocessing = 0;
			shellPath = /bin/sh;
			shellScript = "diff \"${PODS_ROOT}/../Podfile.lock\" \"${PODS_ROOT}/Manifest.lock\" > /dev/null\nif [[ $? != 0 ]] ; then\n    cat << EOM\nerror: The sandbox is not in sync with the Podfile.lock. Run 'pod install' or update your CocoaPods installation.\nEOM\n    exit 1\nfi\n";
			showEnvVarsInLog = 0;
		};
/* End PBXShellScriptBuildPhase section */

/* Begin PBXSourcesBuildPhase section */
		5FE008B11AF1C4D2009076A7 /* Sources */ = {
			isa = PBXSourcesBuildPhase;
			buildActionMask = 2147483647;
			files = (
				5F260B9D1AF9C1E5008AA34E /* CalendarViewController.swift in Sources */,
				5F260BAB1AFB0783008AA34E /* OrderModel.swift in Sources */,
				5FE008C01AF1C4D3009076A7 /* ViewController.swift in Sources */,
				5F260B991AF9C14F008AA34E /* OtherViewController.swift in Sources */,
				5F260BA71AFAF3F3008AA34E /* DataManager.swift in Sources */,
				5F260BA91AFB001E008AA34E /* User.swift in Sources */,
				5FE008BE1AF1C4D3009076A7 /* LifeIsland.xcdatamodeld in Sources */,
				5F260BA11AF9C1F0008AA34E /* ChatViewController.swift in Sources */,
				5F260BAD1AFB0DC0008AA34E /* GoodsModel.swift in Sources */,
				5F1F78E01AFC806700C9E7EE /* UserManager.swift in Sources */,
				5FE008BB1AF1C4D3009076A7 /* AppDelegate.swift in Sources */,
			);
			runOnlyForDeploymentPostprocessing = 0;
		};
		5FE008C91AF1C4D3009076A7 /* Sources */ = {
			isa = PBXSourcesBuildPhase;
			buildActionMask = 2147483647;
			files = (
				5FE008D41AF1C4D3009076A7 /* LifeIslandTests.swift in Sources */,
			);
			runOnlyForDeploymentPostprocessing = 0;
		};
/* End PBXSourcesBuildPhase section */

/* Begin PBXTargetDependency section */
		5FE008CF1AF1C4D3009076A7 /* PBXTargetDependency */ = {
			isa = PBXTargetDependency;
			target = 5FE008B41AF1C4D2009076A7 /* LifeIsland */;
			targetProxy = 5FE008CE1AF1C4D3009076A7 /* PBXContainerItemProxy */;
		};
/* End PBXTargetDependency section */

/* Begin PBXVariantGroup section */
		5FE008C11AF1C4D3009076A7 /* Main.storyboard */ = {
			isa = PBXVariantGroup;
			children = (
				5FE008C21AF1C4D3009076A7 /* Base */,
			);
			name = Main.storyboard;
			sourceTree = "<group>";
		};
		5FE008C61AF1C4D3009076A7 /* LaunchScreen.xib */ = {
			isa = PBXVariantGroup;
			children = (
				5FE008C71AF1C4D3009076A7 /* Base */,
			);
			name = LaunchScreen.xib;
			sourceTree = "<group>";
		};
/* End PBXVariantGroup section */

/* Begin XCBuildConfiguration section */
		5FE008D51AF1C4D3009076A7 /* Debug */ = {
			isa = XCBuildConfiguration;
			buildSettings = {
				ALWAYS_SEARCH_USER_PATHS = NO;
				CLANG_CXX_LANGUAGE_STANDARD = "gnu++0x";
				CLANG_CXX_LIBRARY = "libc++";
				CLANG_ENABLE_MODULES = YES;
				CLANG_ENABLE_OBJC_ARC = YES;
				CLANG_WARN_BOOL_CONVERSION = YES;
				CLANG_WARN_CONSTANT_CONVERSION = YES;
				CLANG_WARN_DIRECT_OBJC_ISA_USAGE = YES_ERROR;
				CLANG_WARN_EMPTY_BODY = YES;
				CLANG_WARN_ENUM_CONVERSION = YES;
				CLANG_WARN_INT_CONVERSION = YES;
				CLANG_WARN_OBJC_ROOT_CLASS = YES_ERROR;
				CLANG_WARN_UNREACHABLE_CODE = YES;
				CLANG_WARN__DUPLICATE_METHOD_MATCH = YES;
				"CODE_SIGN_IDENTITY[sdk=iphoneos*]" = "iPhone Developer";
				COPY_PHASE_STRIP = NO;
				DEBUG_INFORMATION_FORMAT = "dwarf-with-dsym";
				ENABLE_STRICT_OBJC_MSGSEND = YES;
				GCC_C_LANGUAGE_STANDARD = gnu99;
				GCC_DYNAMIC_NO_PIC = NO;
				GCC_NO_COMMON_BLOCKS = YES;
				GCC_OPTIMIZATION_LEVEL = 0;
				GCC_PREPROCESSOR_DEFINITIONS = (
					"DEBUG=1",
					"$(inherited)",
				);
				GCC_SYMBOLS_PRIVATE_EXTERN = NO;
				GCC_WARN_64_TO_32_BIT_CONVERSION = YES;
				GCC_WARN_ABOUT_RETURN_TYPE = YES_ERROR;
				GCC_WARN_UNDECLARED_SELECTOR = YES;
				GCC_WARN_UNINITIALIZED_AUTOS = YES_AGGRESSIVE;
				GCC_WARN_UNUSED_FUNCTION = YES;
				GCC_WARN_UNUSED_VARIABLE = YES;
				IPHONEOS_DEPLOYMENT_TARGET = 8.3;
				MTL_ENABLE_DEBUG_INFO = YES;
				ONLY_ACTIVE_ARCH = YES;
				SDKROOT = iphoneos;
				SWIFT_OPTIMIZATION_LEVEL = "-Onone";
			};
			name = Debug;
		};
		5FE008D61AF1C4D3009076A7 /* Release */ = {
			isa = XCBuildConfiguration;
			buildSettings = {
				ALWAYS_SEARCH_USER_PATHS = NO;
				CLANG_CXX_LANGUAGE_STANDARD = "gnu++0x";
				CLANG_CXX_LIBRARY = "libc++";
				CLANG_ENABLE_MODULES = YES;
				CLANG_ENABLE_OBJC_ARC = YES;
				CLANG_WARN_BOOL_CONVERSION = YES;
				CLANG_WARN_CONSTANT_CONVERSION = YES;
				CLANG_WARN_DIRECT_OBJC_ISA_USAGE = YES_ERROR;
				CLANG_WARN_EMPTY_BODY = YES;
				CLANG_WARN_ENUM_CONVERSION = YES;
				CLANG_WARN_INT_CONVERSION = YES;
				CLANG_WARN_OBJC_ROOT_CLASS = YES_ERROR;
				CLANG_WARN_UNREACHABLE_CODE = YES;
				CLANG_WARN__DUPLICATE_METHOD_MATCH = YES;
				"CODE_SIGN_IDENTITY[sdk=iphoneos*]" = "iPhone Developer";
				COPY_PHASE_STRIP = NO;
				DEBUG_INFORMATION_FORMAT = "dwarf-with-dsym";
				ENABLE_NS_ASSERTIONS = NO;
				ENABLE_STRICT_OBJC_MSGSEND = YES;
				GCC_C_LANGUAGE_STANDARD = gnu99;
				GCC_NO_COMMON_BLOCKS = YES;
				GCC_WARN_64_TO_32_BIT_CONVERSION = YES;
				GCC_WARN_ABOUT_RETURN_TYPE = YES_ERROR;
				GCC_WARN_UNDECLARED_SELECTOR = YES;
				GCC_WARN_UNINITIALIZED_AUTOS = YES_AGGRESSIVE;
				GCC_WARN_UNUSED_FUNCTION = YES;
				GCC_WARN_UNUSED_VARIABLE = YES;
				IPHONEOS_DEPLOYMENT_TARGET = 8.3;
				MTL_ENABLE_DEBUG_INFO = NO;
				SDKROOT = iphoneos;
				VALIDATE_PRODUCT = YES;
			};
			name = Release;
		};
		5FE008D81AF1C4D3009076A7 /* Debug */ = {
			isa = XCBuildConfiguration;
			baseConfigurationReference = 67CE440676753C740646B78F /* Pods.debug.xcconfig */;
			buildSettings = {
				ASSETCATALOG_COMPILER_APPICON_NAME = AppIcon;
				CLANG_ENABLE_MODULES = YES;
				INFOPLIST_FILE = LifeIsland/Info.plist;
				LD_RUNPATH_SEARCH_PATHS = "$(inherited) @executable_path/Frameworks";
				PRODUCT_NAME = "$(TARGET_NAME)";
				SWIFT_OBJC_BRIDGING_HEADER = "LifeIsland/LifeIsland-Bridging-Header.h";
				SWIFT_OPTIMIZATION_LEVEL = "-Onone";
			};
			name = Debug;
		};
		5FE008D91AF1C4D3009076A7 /* Release */ = {
			isa = XCBuildConfiguration;
			baseConfigurationReference = D8CE0E30BB301C46D0B36C93 /* Pods.release.xcconfig */;
			buildSettings = {
				ASSETCATALOG_COMPILER_APPICON_NAME = AppIcon;
				CLANG_ENABLE_MODULES = YES;
				INFOPLIST_FILE = LifeIsland/Info.plist;
				LD_RUNPATH_SEARCH_PATHS = "$(inherited) @executable_path/Frameworks";
				PRODUCT_NAME = "$(TARGET_NAME)";
				SWIFT_OBJC_BRIDGING_HEADER = "LifeIsland/LifeIsland-Bridging-Header.h";
			};
			name = Release;
		};
		5FE008DB1AF1C4D3009076A7 /* Debug */ = {
			isa = XCBuildConfiguration;
			buildSettings = {
				BUNDLE_LOADER = "$(TEST_HOST)";
				FRAMEWORK_SEARCH_PATHS = (
					"$(SDKROOT)/Developer/Library/Frameworks",
					"$(inherited)",
				);
				GCC_PREPROCESSOR_DEFINITIONS = (
					"DEBUG=1",
					"$(inherited)",
				);
				INFOPLIST_FILE = LifeIslandTests/Info.plist;
				LD_RUNPATH_SEARCH_PATHS = "$(inherited) @executable_path/Frameworks @loader_path/Frameworks";
				PRODUCT_NAME = "$(TARGET_NAME)";
				TEST_HOST = "$(BUILT_PRODUCTS_DIR)/LifeIsland.app/LifeIsland";
			};
			name = Debug;
		};
		5FE008DC1AF1C4D3009076A7 /* Release */ = {
			isa = XCBuildConfiguration;
			buildSettings = {
				BUNDLE_LOADER = "$(TEST_HOST)";
				FRAMEWORK_SEARCH_PATHS = (
					"$(SDKROOT)/Developer/Library/Frameworks",
					"$(inherited)",
				);
				INFOPLIST_FILE = LifeIslandTests/Info.plist;
				LD_RUNPATH_SEARCH_PATHS = "$(inherited) @executable_path/Frameworks @loader_path/Frameworks";
				PRODUCT_NAME = "$(TARGET_NAME)";
				TEST_HOST = "$(BUILT_PRODUCTS_DIR)/LifeIsland.app/LifeIsland";
			};
			name = Release;
		};
/* End XCBuildConfiguration section */

/* Begin XCConfigurationList section */
		5FE008B01AF1C4D2009076A7 /* Build configuration list for PBXProject "LifeIsland" */ = {
			isa = XCConfigurationList;
			buildConfigurations = (
				5FE008D51AF1C4D3009076A7 /* Debug */,
				5FE008D61AF1C4D3009076A7 /* Release */,
			);
			defaultConfigurationIsVisible = 0;
			defaultConfigurationName = Release;
		};
		5FE008D71AF1C4D3009076A7 /* Build configuration list for PBXNativeTarget "LifeIsland" */ = {
			isa = XCConfigurationList;
			buildConfigurations = (
				5FE008D81AF1C4D3009076A7 /* Debug */,
				5FE008D91AF1C4D3009076A7 /* Release */,
			);
			defaultConfigurationIsVisible = 0;
			defaultConfigurationName = Release;
		};
		5FE008DA1AF1C4D3009076A7 /* Build configuration list for PBXNativeTarget "LifeIslandTests" */ = {
			isa = XCConfigurationList;
			buildConfigurations = (
				5FE008DB1AF1C4D3009076A7 /* Debug */,
				5FE008DC1AF1C4D3009076A7 /* Release */,
			);
			defaultConfigurationIsVisible = 0;
			defaultConfigurationName = Release;
		};
/* End XCConfigurationList section */

/* Begin XCVersionGroup section */
		5FE008BC1AF1C4D3009076A7 /* LifeIsland.xcdatamodeld */ = {
			isa = XCVersionGroup;
			children = (
				5FE008BD1AF1C4D3009076A7 /* LifeIsland.xcdatamodel */,
			);
			currentVersion = 5FE008BD1AF1C4D3009076A7 /* LifeIsland.xcdatamodel */;
			path = LifeIsland.xcdatamodeld;
			sourceTree = "<group>";
			versionGroupType = wrapper.xcdatamodel;
		};
/* End XCVersionGroup section */
	};
	rootObject = 5FE008AD1AF1C4D2009076A7 /* Project object */;
}
